
Microsoft Visual Studio Solution File, Format Version 12.00
# Visual Studio 2013
VisualStudioVersion = 12.0.30723.0
MinimumVisualStudioVersion = 10.0.40219.1
Project("{FAE04EC0-301F-11D3-BF4B-00C04F79EFBC}") = "DataTemplates", "DataTemplates\DataTemplates.csproj", "{23A54A67-0FC9-48C5-8780-C675FAC6414F}"
EndProject
Global
	GlobalSection(SolutionConfigurationPlatforms) = preSolution
		Debug|Any CPU = Debug|Any CPU
		Release|Any CPU = Release|Any CPU
	EndGlobalSection
	GlobalSection(ProjectConfigurationPlatforms) = postSolution
		{23A54A67-0FC9-48C5-8780-C675FAC6414F}.Debug|Any CPU.ActiveCfg = Debug|Any CPU
		{23A54A67-0FC9-48C5-8780-C675FAC6414F}.Debug|Any CPU.Build.0 = Debug|Any CPU
		{23A54A67-0FC9-48C5-8780-C675FAC6414F}.Release|Any CPU.ActiveCfg = Release|Any CPU
		{23A54A67-0FC9-48C5-8780-C675FAC6414F}.Release|Any CPU.Build.0 = Release|Any CPU
	EndGlobalSection
	GlobalSection(SolutionProperties) = preSolution
		HideSolutionNode = FALSE
	EndGlobalSection
EndGlobal
